
Microsoft Visual Studio Solution File, Format Version 12.00
# Visual Studio Version 16
VisualStudioVersion = 16.0.31702.278
MinimumVisualStudioVersion = 10.0.40219.1
Project("{FAE04EC0-301F-11D3-BF4B-00C04F79EFBC}") = "AnglesAddedFeatures", "AnglesAddedFeatures\AnglesAddedFeatures.csproj", "{B44DCAEF-0AB5-4EE4-93B7-DEF194B67A67}"
EndProject
Project("{FAE04EC0-301F-11D3-BF4B-00C04F79EFBC}") = "ThreadExamples", "ThreadExamples\ThreadExamples.csproj", "{1FAEB439-5BA6-4516-8813-0542C317936D}"
EndProject
Project("{FAE04EC0-301F-11D3-BF4B-00C04F79EFBC}") = "LibraryWithThread", "LibraryWithThread\LibraryWithThread.csproj", "{3B26B6F5-7BD1-4018-BDDD-8E2DE3444C51}"
EndProject
Project("{FAE04EC0-301F-11D3-BF4B-00C04F79EFBC}") = "TaskExampleDemo", "TaskExampleDemo\TaskExampleDemo.csproj", "{95666E45-A4D0-4FC6-9BD6-B8BB26C28004}"
EndProject
Project("{FAE04EC0-301F-11D3-BF4B-00C04F79EFBC}") = "ListWithThread", "ListWithThread\ListWithThread.csproj", "{F79A7AFC-D403-4AAF-ABA7-1FCAF5D35CB6}"
EndProject
Project("{FAE04EC0-301F-11D3-BF4B-00C04F79EFBC}") = "ResumeRestartThread", "ResumeRestartThread\ResumeRestartThread.csproj", "{940D5761-66FF-4D45-8145-D05AFA0F5DA1}"
EndProject
Global
	GlobalSection(SolutionConfigurationPlatforms) = preSolution
		Debug|Any CPU = Debug|Any CPU
		Release|Any CPU = Release|Any CPU
	EndGlobalSection
	GlobalSection(ProjectConfigurationPlatforms) = postSolution
		{B44DCAEF-0AB5-4EE4-93B7-DEF194B67A67}.Debug|Any CPU.ActiveCfg = Debug|Any CPU
		{B44DCAEF-0AB5-4EE4-93B7-DEF194B67A67}.Debug|Any CPU.Build.0 = Debug|Any CPU
		{B44DCAEF-0AB5-4EE4-93B7-DEF194B67A67}.Release|Any CPU.ActiveCfg = Release|Any CPU
		{B44DCAEF-0AB5-4EE4-93B7-DEF194B67A67}.Release|Any CPU.Build.0 = Release|Any CPU
		{1FAEB439-5BA6-4516-8813-0542C317936D}.Debug|Any CPU.ActiveCfg = Debug|Any CPU
		{1FAEB439-5BA6-4516-8813-0542C317936D}.Debug|Any CPU.Build.0 = Debug|Any CPU
		{1FAEB439-5BA6-4516-8813-0542C317936D}.Release|Any CPU.ActiveCfg = Release|Any CPU
		{1FAEB439-5BA6-4516-8813-0542C317936D}.Release|Any CPU.Build.0 = Release|Any CPU
		{3B26B6F5-7BD1-4018-BDDD-8E2DE3444C51}.Debug|Any CPU.ActiveCfg = Debug|Any CPU
		{3B26B6F5-7BD1-4018-BDDD-8E2DE3444C51}.Debug|Any CPU.Build.0 = Debug|Any CPU
		{3B26B6F5-7BD1-4018-BDDD-8E2DE3444C51}.Release|Any CPU.ActiveCfg = Release|Any CPU
		{3B26B6F5-7BD1-4018-BDDD-8E2DE3444C51}.Release|Any CPU.Build.0 = Release|Any CPU
		{95666E45-A4D0-4FC6-9BD6-B8BB26C28004}.Debug|Any CPU.ActiveCfg = Debug|Any CPU
		{95666E45-A4D0-4FC6-9BD6-B8BB26C28004}.Debug|Any CPU.Build.0 = Debug|Any CPU
		{95666E45-A4D0-4FC6-9BD6-B8BB26C28004}.Release|Any CPU.ActiveCfg = Release|Any CPU
		{95666E45-A4D0-4FC6-9BD6-B8BB26C28004}.Release|Any CPU.Build.0 = Release|Any CPU
		{F79A7AFC-D403-4AAF-ABA7-1FCAF5D35CB6}.Debug|Any CPU.ActiveCfg = Debug|Any CPU
		{F79A7AFC-D403-4AAF-ABA7-1FCAF5D35CB6}.Debug|Any CPU.Build.0 = Debug|Any CPU
		{F79A7AFC-D403-4AAF-ABA7-1FCAF5D35CB6}.Release|Any CPU.ActiveCfg = Release|Any CPU
		{F79A7AFC-D403-4AAF-ABA7-1FCAF5D35CB6}.Release|Any CPU.Build.0 = Release|Any CPU
		{940D5761-66FF-4D45-8145-D05AFA0F5DA1}.Debug|Any CPU.ActiveCfg = Debug|Any CPU
		{940D5761-66FF-4D45-8145-D05AFA0F5DA1}.Debug|Any CPU.Build.0 = Debug|Any CPU
		{940D5761-66FF-4D45-8145-D05AFA0F5DA1}.Release|Any CPU.ActiveCfg = Release|Any CPU
		{940D5761-66FF-4D45-8145-D05AFA0F5DA1}.Release|Any CPU.Build.0 = Release|Any CPU
	EndGlobalSection
	GlobalSection(SolutionProperties) = preSolution
		HideSolutionNode = FALSE
	EndGlobalSection
	GlobalSection(ExtensibilityGlobals) = postSolution
		SolutionGuid = {C498748E-DC68-4E15-98AE-C15884940C0D}
	EndGlobalSection
EndGlobal
